Microsoft Visual Studio Solution File, Format Version 11.00
# Visual Studio 2008

Project("{A55B745B-7B24-FEAA-68F7-44B086DA129C}") = "Musa", "Assembly-CSharp.csproj", "{43F02D15-6F13-F051-11EF-DFE8B23DDB5C}"
EndProject
Global
	GlobalSection(SolutionConfigurationPlatforms) = preSolution
		Debug|Any CPU = Debug|Any CPU
		Release|Any CPU = Release|Any CPU
	EndGlobalSection
	GlobalSection(ProjectConfigurationPlatforms) = postSolution
		{43F02D15-6F13-F051-11EF-DFE8B23DDB5C}.Debug|Any CPU.ActiveCfg = Debug|Any CPU
		{43F02D15-6F13-F051-11EF-DFE8B23DDB5C}.Debug|Any CPU.Build.0 = Debug|Any CPU
		{43F02D15-6F13-F051-11EF-DFE8B23DDB5C}.Release|Any CPU.ActiveCfg = Release|Any CPU
		{43F02D15-6F13-F051-11EF-DFE8B23DDB5C}.Release|Any CPU.Build.0 = Release|Any CPU
	EndGlobalSection
	GlobalSection(SolutionProperties) = preSolution
		HideSolutionNode = FALSE
	EndGlobalSection
	GlobalSection(MonoDevelopProperties) = preSolution
		StartupItem = Assembly-CSharp.csproj
	EndGlobalSection
EndGlobal
